// !$*UTF8*$!
{
	archiveVersion = 1;
	classes = {
	};
	objectVersion = 50;
	objects = {

/* Begin PBXBuildFile section */
		3B392DF42214F2B500F95CE2 /* AppDelegate.swift in Sources */ = {isa = PBXBuildFile; fileRef = 3B392DF32214F2B500F95CE2 /* AppDelegate.swift */; };
		3B392DF92214F2B500F95CE2 /* Main.storyboard in Resources */ = {isa = PBXBuildFile; fileRef = 3B392DF72214F2B500F95CE2 /* Main.storyboard */; };
		3B392DFB2214F2BB00F95CE2 /* Assets.xcassets in Resources */ = {isa = PBXBuildFile; fileRef = 3B392DFA2214F2BB00F95CE2 /* Assets.xcassets */; };
		3B392DFE2214F2BB00F95CE2 /* LaunchScreen.storyboard in Resources */ = {isa = PBXBuildFile; fileRef = 3B392DFC2214F2BB00F95CE2 /* LaunchScreen.storyboard */; };
		3B392E092214F2BC00F95CE2 /* flixsterTests.swift in Sources */ = {isa = PBXBuildFile; fileRef = 3B392E082214F2BC00F95CE2 /* flixsterTests.swift */; };
		3B392E142214F2BC00F95CE2 /* flixsterUITests.swift in Sources */ = {isa = PBXBuildFile; fileRef = 3B392E132214F2BC00F95CE2 /* flixsterUITests.swift */; };
		3B5002C2221EFDF600CD9FBC /* MoviesViewController.swift in Sources */ = {isa = PBXBuildFile; fileRef = 3B5002C1221EFDF600CD9FBC /* MoviesViewController.swift */; };
		3B5002C42221908000CD9FBC /* MovieCell.swift in Sources */ = {isa = PBXBuildFile; fileRef = 3B5002C32221908000CD9FBC /* MovieCell.swift */; };
		3B955E9022264235001A1A11 /* MovieDetailsViewController.swift in Sources */ = {isa = PBXBuildFile; fileRef = 3B955E8F22264235001A1A11 /* MovieDetailsViewController.swift */; };
		3B955E9222274768001A1A11 /* MovieGridViewController.swift in Sources */ = {isa = PBXBuildFile; fileRef = 3B955E9122274768001A1A11 /* MovieGridViewController.swift */; };
		3B955E942227538A001A1A11 /* MovieGridCell.swift in Sources */ = {isa = PBXBuildFile; fileRef = 3B955E932227538A001A1A11 /* MovieGridCell.swift */; };
		AE76F7ABCFFEC34FA4D6B973 /* Pods_flixsterUITests.framework in Frameworks */ = {isa = PBXBuildFile; fileRef = 7A9EE188B3AF74E65B188AA0 /* Pods_flixsterUITests.framework */; };
		B4A8590E836B4A63A6C62475 /* Pods_flixster.framework in Frameworks */ = {isa = PBXBuildFile; fileRef = C9CBEC0845FB752DE33A2E5E /* Pods_flixster.framework */; };
		F6DBE3F0B85DCD3F66485461 /* Pods_flixsterTests.framework in Frameworks */ = {isa = PBXBuildFile; fileRef = 0244A16A67CBC8D6509F664A /* Pods_flixsterTests.framework */; };
/* End PBXBuildFile section */

/* Begin PBXContainerItemProxy section */
		3B392E052214F2BC00F95CE2 /* PBXContainerItemProxy */ = {
			isa = PBXContainerItemProxy;
			containerPortal = 3B392DE82214F2B500F95CE2 /* Project object */;
			proxyType = 1;
			remoteGlobalIDString = 3B392DEF2214F2B500F95CE2;
			remoteInfo = flixster;
		};
		3B392E102214F2BC00F95CE2 /* PBXContainerItemProxy */ = {
			isa = PBXContainerItemProxy;
			containerPortal = 3B392DE82214F2B500F95CE2 /* Project object */;
			proxyType = 1;
			remoteGlobalIDString = 3B392DEF2214F2B500F95CE2;
			remoteInfo = flixster;
		};
/* End PBXContainerItemProxy section */

/* Begin PBXFileReference section */
		0244A16A67CBC8D6509F664A /* Pods_flixsterTests.framework */ = {isa = PBXFileReference; explicitFileType = wrapper.framework; includeInIndex = 0; path = Pods_flixsterTests.framework; sourceTree = BUILT_PRODUCTS_DIR; };
		368F78AC9556FFB61CC0AA8C /* Pods-flixster.release.xcconfig */ = {isa = PBXFileReference; includeInIndex = 1; lastKnownFileType = text.xcconfig; name = "Pods-flixster.release.xcconfig"; path = "Target Support Files/Pods-flixster/Pods-flixster.release.xcconfig"; sourceTree = "<group>"; };
		36A7467F9E037A04A550E601 /* Pods-flixster.debug.xcconfig */ = {isa = PBXFileReference; includeInIndex = 1; lastKnownFileType = text.xcconfig; name = "Pods-flixster.debug.xcconfig"; path = "Target Support Files/Pods-flixster/Pods-flixster.debug.xcconfig"; sourceTree = "<group>"; };
		3B392DF02214F2B500F95CE2 /* flixster.app */ = {isa = PBXFileReference; explicitFileType = wrapper.application; includeInIndex = 0; path = flixster.app; sourceTree = BUILT_PRODUCTS_DIR; };
		3B392DF32214F2B500F95CE2 /* AppDelegate.swift */ = {isa = PBXFileReference; lastKnownFileType = sourcecode.swift; path = AppDelegate.swift; sourceTree = "<group>"; };
		3B392DF82214F2B500F95CE2 /* Base */ = {isa = PBXFileReference; lastKnownFileType = file.storyboard; name = Base; path = Base.lproj/Main.storyboard; sourceTree = "<group>"; };
		3B392DFA2214F2BB00F95CE2 /* Assets.xcassets */ = {isa = PBXFileReference; lastKnownFileType = folder.assetcatalog; path = Assets.xcassets; sourceTree = "<group>"; };
		3B392DFD2214F2BB00F95CE2 /* Base */ = {isa = PBXFileReference; lastKnownFileType = file.storyboard; name = Base; path = Base.lproj/LaunchScreen.storyboard; sourceTree = "<group>"; };
		3B392DFF2214F2BB00F95CE2 /* Info.plist */ = {isa = PBXFileReference; lastKnownFileType = text.plist.xml; path = Info.plist; sourceTree = "<group>"; };
		3B392E042214F2BC00F95CE2 /* flixsterTests.xctest */ = {isa = PBXFileReference; explicitFileType = wrapper.cfbundle; includeInIndex = 0; path = flixsterTests.xctest; sourceTree = BUILT_PRODUCTS_DIR; };
		3B392E082214F2BC00F95CE2 /* flixsterTests.swift */ = {isa = PBXFileReference; lastKnownFileType = sourcecode.swift; path = flixsterTests.swift; sourceTree = "<group>"; };
		3B392E0A2214F2BC00F95CE2 /* Info.plist */ = {isa = PBXFileReference; lastKnownFileType = text.plist.xml; path = Info.plist; sourceTree = "<group>"; };
		3B392E0F2214F2BC00F95CE2 /* flixsterUITests.xctest */ = {isa = PBXFileReference; explicitFileType = wrapper.cfbundle; includeInIndex = 0; path = flixsterUITests.xctest; sourceTree = BUILT_PRODUCTS_DIR; };
		3B392E132214F2BC00F95CE2 /* flixsterUITests.swift */ = {isa = PBXFileReference; lastKnownFileType = sourcecode.swift; path = flixsterUITests.swift; sourceTree = "<group>"; };
		3B392E152214F2BC00F95CE2 /* Info.plist */ = {isa = PBXFileReference; lastKnownFileType = text.plist.xml; path = Info.plist; sourceTree = "<group>"; };
		3B5002C1221EFDF600CD9FBC /* MoviesViewController.swift */ = {isa = PBXFileReference; lastKnownFileType = sourcecode.swift; path = MoviesViewController.swift; sourceTree = "<group>"; };
		3B5002C32221908000CD9FBC /* MovieCell.swift */ = {isa = PBXFileReference; lastKnownFileType = sourcecode.swift; path = MovieCell.swift; sourceTree = "<group>"; };
		3B955E8F22264235001A1A11 /* MovieDetailsViewController.swift */ = {isa = PBXFileReference; lastKnownFileType = sourcecode.swift; path = MovieDetailsViewController.swift; sourceTree = "<group>"; };
		3B955E9122274768001A1A11 /* MovieGridViewController.swift */ = {isa = PBXFileReference; lastKnownFileType = sourcecode.swift; path = MovieGridViewController.swift; sourceTree = "<group>"; };
		3B955E932227538A001A1A11 /* MovieGridCell.swift */ = {isa = PBXFileReference; lastKnownFileType = sourcecode.swift; path = MovieGridCell.swift; sourceTree = "<group>"; };
		6689C49CFD203938529803B4 /* Pods-flixsterTests.release.xcconfig */ = {isa = PBXFileReference; includeInIndex = 1; lastKnownFileType = text.xcconfig; name = "Pods-flixsterTests.release.xcconfig"; path = "Target Support Files/Pods-flixsterTests/Pods-flixsterTests.release.xcconfig"; sourceTree = "<group>"; };
		7786FDCADB45034DF573C8A7 /* Pods-flixsterUITests.debug.xcconfig */ = {isa = PBXFileReference; includeInIndex = 1; lastKnownFileType = text.xcconfig; name = "Pods-flixsterUITests.debug.xcconfig"; path = "Target Support Files/Pods-flixsterUITests/Pods-flixsterUITests.debug.xcconfig"; sourceTree = "<group>"; };
		7A9EE188B3AF74E65B188AA0 /* Pods_flixsterUITests.framework */ = {isa = PBXFileReference; explicitFileType = wrapper.framework; includeInIndex = 0; path = Pods_flixsterUITests.framework; sourceTree = BUILT_PRODUCTS_DIR; };
		99EA3647031A570B57B04C49 /* Pods-flixsterTests.debug.xcconfig */ = {isa = PBXFileReference; includeInIndex = 1; lastKnownFileType = text.xcconfig; name = "Pods-flixsterTests.debug.xcconfig"; path = "Target Support Files/Pods-flixsterTests/Pods-flixsterTests.debug.xcconfig"; sourceTree = "<group>"; };
		C9CBEC0845FB752DE33A2E5E /* Pods_flixster.framework */ = {isa = PBXFileReference; explicitFileType = wrapper.framework; includeInIndex = 0; path = Pods_flixster.framework; sourceTree = BUILT_PRODUCTS_DIR; };
		D4C6676CA9ED501E4A14C16D /* Pods-flixsterUITests.release.xcconfig */ = {isa = PBXFileReference; includeInIndex = 1; lastKnownFileType = text.xcconfig; name = "Pods-flixsterUITests.release.xcconfig"; path = "Target Support Files/Pods-flixsterUITests/Pods-flixsterUITests.release.xcconfig"; sourceTree = "<group>"; };
/* End PBXFileReference section */

/* Begin PBXFrameworksBuildPhase section */
		3B392DED2214F2B500F95CE2 /* Frameworks */ = {
			isa = PBXFrameworksBuildPhase;
			buildActionMask = 2147483647;
			files = (
				B4A8590E836B4A63A6C62475 /* Pods_flixster.framework in Frameworks */,
			);
			runOnlyForDeploymentPostprocessing = 0;
		};
		3B392E012214F2BC00F95CE2 /* Frameworks */ = {
			isa = PBXFrameworksBuildPhase;
			buildActionMask = 2147483647;
			files = (
				F6DBE3F0B85DCD3F66485461 /* Pods_flixsterTests.framework in Frameworks */,
			);
			runOnlyForDeploymentPostprocessing = 0;
		};
		3B392E0C2214F2BC00F95CE2 /* Frameworks */ = {
			isa = PBXFrameworksBuildPhase;
			buildActionMask = 2147483647;
			files = (
				AE76F7ABCFFEC34FA4D6B973 /* Pods_flixsterUITests.framework in Frameworks */,
			);
			runOnlyForDeploymentPostprocessing = 0;
		};
/* End PBXFrameworksBuildPhase section */

/* Begin PBXGroup section */
		0289BF46A04EB7F908C946D3 /* Frameworks */ = {
			isa = PBXGroup;
			children = (
				C9CBEC0845FB752DE33A2E5E /* Pods_flixster.framework */,
				0244A16A67CBC8D6509F664A /* Pods_flixsterTests.framework */,
				7A9EE188B3AF74E65B188AA0 /* Pods_flixsterUITests.framework */,
			);
			name = Frameworks;
			sourceTree = "<group>";
		};
		267C8365D3ECFCF4099BE91C /* Pods */ = {
			isa = PBXGroup;
			children = (
				36A7467F9E037A04A550E601 /* Pods-flixster.debug.xcconfig */,
				368F78AC9556FFB61CC0AA8C /* Pods-flixster.release.xcconfig */,
				99EA3647031A570B57B04C49 /* Pods-flixsterTests.debug.xcconfig */,
				6689C49CFD203938529803B4 /* Pods-flixsterTests.release.xcconfig */,
				7786FDCADB45034DF573C8A7 /* Pods-flixsterUITests.debug.xcconfig */,
				D4C6676CA9ED501E4A14C16D /* Pods-flixsterUITests.release.xcconfig */,
			);
			path = Pods;
			sourceTree = "<group>";
		};
		3B392DE72214F2B500F95CE2 = {
			isa = PBXGroup;
			children = (
				3B392DF22214F2B500F95CE2 /* flixster */,
				3B392E072214F2BC00F95CE2 /* flixsterTests */,
				3B392E122214F2BC00F95CE2 /* flixsterUITests */,
				3B392DF12214F2B500F95CE2 /* Products */,
				267C8365D3ECFCF4099BE91C /* Pods */,
				0289BF46A04EB7F908C946D3 /* Frameworks */,
			);
			sourceTree = "<group>";
		};
		3B392DF12214F2B500F95CE2 /* Products */ = {
			isa = PBXGroup;
			children = (
				3B392DF02214F2B500F95CE2 /* flixster.app */,
				3B392E042214F2BC00F95CE2 /* flixsterTests.xctest */,
				3B392E0F2214F2BC00F95CE2 /* flixsterUITests.xctest */,
			);
			name = Products;
			sourceTree = "<group>";
		};
		3B392DF22214F2B500F95CE2 /* flixster */ = {
			isa = PBXGroup;
			children = (
				3B392DF32214F2B500F95CE2 /* AppDelegate.swift */,
				3B392DF72214F2B500F95CE2 /* Main.storyboard */,
				3B392DFA2214F2BB00F95CE2 /* Assets.xcassets */,
				3B392DFC2214F2BB00F95CE2 /* LaunchScreen.storyboard */,
				3B392DFF2214F2BB00F95CE2 /* Info.plist */,
				3B5002C1221EFDF600CD9FBC /* MoviesViewController.swift */,
				3B5002C32221908000CD9FBC /* MovieCell.swift */,
				3B955E8F22264235001A1A11 /* MovieDetailsViewController.swift */,
				3B955E9122274768001A1A11 /* MovieGridViewController.swift */,
				3B955E932227538A001A1A11 /* MovieGridCell.swift */,
			);
			path = flixster;
			sourceTree = "<group>";
		};
		3B392E072214F2BC00F95CE2 /* flixsterTests */ = {
			isa = PBXGroup;
			children = (
				3B392E082214F2BC00F95CE2 /* flixsterTests.swift */,
				3B392E0A2214F2BC00F95CE2 /* Info.plist */,
			);
			path = flixsterTests;
			sourceTree = "<group>";
		};
		3B392E122214F2BC00F95CE2 /* flixsterUITests */ = {
			isa = PBXGroup;
			children = (
				3B392E132214F2BC00F95CE2 /* flixsterUITests.swift */,
				3B392E152214F2BC00F95CE2 /* Info.plist */,
			);
			path = flixsterUITests;
			sourceTree = "<group>";
		};
/* End PBXGroup section */

/* Begin PBXNativeTarget section */
		3B392DEF2214F2B500F95CE2 /* flixster */ = {
			isa = PBXNativeTarget;
			buildConfigurationList = 3B392E182214F2BC00F95CE2 /* Build configuration list for PBXNativeTarget "flixster" */;
			buildPhases = (
				4849E436E979A7BEDBFAC6F0 /* [CP] Check Pods Manifest.lock */,
				3B392DEC2214F2B500F95CE2 /* Sources */,
				3B392DED2214F2B500F95CE2 /* Frameworks */,
				3B392DEE2214F2B500F95CE2 /* Resources */,
				6DED714CD2D98BDD0529B052 /* [CP] Embed Pods Frameworks */,
			);
			buildRules = (
			);
			dependencies = (
			);
			name = flixster;
			productName = flixster;
			productReference = 3B392DF02214F2B500F95CE2 /* flixster.app */;
			productType = "com.apple.product-type.application";
		};
		3B392E032214F2BC00F95CE2 /* flixsterTests */ = {
			isa = PBXNativeTarget;
			buildConfigurationList = 3B392E1B2214F2BC00F95CE2 /* Build configuration list for PBXNativeTarget "flixsterTests" */;
			buildPhases = (
				C5132472A39D942392739023 /* [CP] Check Pods Manifest.lock */,
				3B392E002214F2BC00F95CE2 /* Sources */,
				3B392E012214F2BC00F95CE2 /* Frameworks */,
				3B392E022214F2BC00F95CE2 /* Resources */,
			);
			buildRules = (
			);
			dependencies = (
				3B392E062214F2BC00F95CE2 /* PBXTargetDependency */,
			);
			name = flixsterTests;
			productName = flixsterTests;
			productReference = 3B392E042214F2BC00F95CE2 /* flixsterTests.xctest */;
			productType = "com.apple.product-type.bundle.unit-test";
		};
		3B392E0E2214F2BC00F95CE2 /* flixsterUITests */ = {
			isa = PBXNativeTarget;
			buildConfigurationList = 3B392E1E2214F2BC00F95CE2 /* Build configuration list for PBXNativeTarget "flixsterUITests" */;
			buildPhases = (
				6DD2D1AAEE570C9BDCF1C873 /* [CP] Check Pods Manifest.lock */,
				3B392E0B2214F2BC00F95CE2 /* Sources */,
				3B392E0C2214F2BC00F95CE2 /* Frameworks */,
				3B392E0D2214F2BC00F95CE2 /* Resources */,
			);
			buildRules = (
			);
			dependencies = (
				3B392E112214F2BC00F95CE2 /* PBXTargetDependency */,
			);
			name = flixsterUITests;
			productName = flixsterUITests;
			productReference = 3B392E0F2214F2BC00F95CE2 /* flixsterUITests.xctest */;
			productType = "com.apple.product-type.bundle.ui-testing";
		};
/* End PBXNativeTarget section */

/* Begin PBXProject section */
		3B392DE82214F2B500F95CE2 /* Project object */ = {
			isa = PBXProject;
			attributes = {
				LastSwiftUpdateCheck = 1010;
				LastUpgradeCheck = 1010;
				ORGANIZATIONNAME = ning;
				TargetAttributes = {
					3B392DEF2214F2B500F95CE2 = {
						CreatedOnToolsVersion = 10.1;
					};
					3B392E032214F2BC00F95CE2 = {
						CreatedOnToolsVersion = 10.1;
						TestTargetID = 3B392DEF2214F2B500F95CE2;
					};
					3B392E0E2214F2BC00F95CE2 = {
						CreatedOnToolsVersion = 10.1;
						TestTargetID = 3B392DEF2214F2B500F95CE2;
					};
				};
			};
			buildConfigurationList = 3B392DEB2214F2B500F95CE2 /* Build configuration list for PBXProject "flixster" */;
			compatibilityVersion = "Xcode 9.3";
			developmentRegion = en;
			hasScannedForEncodings = 0;
			knownRegions = (
				en,
				Base,
			);
			mainGroup = 3B392DE72214F2B500F95CE2;
			productRefGroup = 3B392DF12214F2B500F95CE2 /* Products */;
			projectDirPath = "";
			projectRoot = "";
			targets = (
				3B392DEF2214F2B500F95CE2 /* flixster */,
				3B392E032214F2BC00F95CE2 /* flixsterTests */,
				3B392E0E2214F2BC00F95CE2 /* flixsterUITests */,
			);
		};
/* End PBXProject section */

/* Begin PBXResourcesBuildPhase section */
		3B392DEE2214F2B500F95CE2 /* Resources */ = {
			isa = PBXResourcesBuildPhase;
			buildActionMask = 2147483647;
			files = (
				3B392DFE2214F2BB00F95CE2 /* LaunchScreen.storyboard in Resources */,
				3B392DFB2214F2BB00F95CE2 /* Assets.xcassets in Resources */,
				3B392DF92214F2B500F95CE2 /* Main.storyboard in Resources */,
			);
			runOnlyForDeploymentPostprocessing = 0;
		};
		3B392E022214F2BC00F95CE2 /* Resources */ = {
			isa = PBXResourcesBuildPhase;
			buildActionMask = 2147483647;
			files = (
			);
			runOnlyForDeploymentPostprocessing = 0;
		};
		3B392E0D2214F2BC00F95CE2 /* Resources */ = {
			isa = PBXResourcesBuildPhase;
			buildActionMask = 2147483647;
			files = (
			);
			runOnlyForDeploymentPostprocessing = 0;
		};
/* End PBXResourcesBuildPhase section */

/* Begin PBXShellScriptBuildPhase section */
		4849E436E979A7BEDBFAC6F0 /* [CP] Check Pods Manifest.lock */ = {
			isa = PBXShellScriptBuildPhase;
			buildActionMask = 2147483647;
			files = (
			);
			inputFileListPaths = (
			);
			inputPaths = (
				"${PODS_PODFILE_DIR_PATH}/Podfile.lock",
				"${PODS_ROOT}/Manifest.lock",
			);
			name = "[CP] Check Pods Manifest.lock";
			outputFileListPaths = (
			);
			outputPaths = (
				"$(DERIVED_FILE_DIR)/Pods-flixster-checkManifestLockResult.txt",
			);
			runOnlyForDeploymentPostprocessing = 0;
			shellPath = /bin/sh;
			shellScript = "diff \"${PODS_PODFILE_DIR_PATH}/Podfile.lock\" \"${PODS_ROOT}/Manifest.lock\" > /dev/null\nif [ $? != 0 ] ; then\n    # print error to STDERR\n    echo \"error: The sandbox is not in sync with the Podfile.lock. Run 'pod install' or update your CocoaPods installation.\" >&2\n    exit 1\nfi\n# This output is used by Xcode 'outputs' to avoid re-running this script phase.\necho \"SUCCESS\" > \"${SCRIPT_OUTPUT_FILE_0}\"\n";
			showEnvVarsInLog = 0;
		};
		6DD2D1AAEE570C9BDCF1C873 /* [CP] Check Pods Manifest.lock */ = {
			isa = PBXShellScriptBuildPhase;
			buildActionMask = 2147483647;
			files = (
			);
			inputFileListPaths = (
			);
			inputPaths = (
				"${PODS_PODFILE_DIR_PATH}/Podfile.lock",
				"${PODS_ROOT}/Manifest.lock",
			);
			name = "[CP] Check Pods Manifest.lock";
			outputFileListPaths = (
			);
			outputPaths = (
				"$(DERIVED_FILE_DIR)/Pods-flixsterUITests-checkManifestLockResult.txt",
			);
			runOnlyForDeploymentPostprocessing = 0;
			shellPath = /bin/sh;
			shellScript = "diff \"${PODS_PODFILE_DIR_PATH}/Podfile.lock\" \"${PODS_ROOT}/Manifest.lock\" > /dev/null\nif [ $? != 0 ] ; then\n    # print error to STDERR\n    echo \"error: The sandbox is not in sync with the Podfile.lock. Run 'pod install' or update your CocoaPods installation.\" >&2\n    exit 1\nfi\n# This output is used by Xcode 'outputs' to avoid re-running this script phase.\necho \"SUCCESS\" > \"${SCRIPT_OUTPUT_FILE_0}\"\n";
			showEnvVarsInLog = 0;
		};
		6DED714CD2D98BDD0529B052 /* [CP] Embed Pods Frameworks */ = {
			isa = PBXShellScriptBuildPhase;
			buildActionMask = 2147483647;
			files = (
			);
			inputFileListPaths = (
			);
			inputPaths = (
				"${PODS_ROOT}/Target Support Files/Pods-flixster/Pods-flixster-frameworks.sh",
				"${BUILT_PRODUCTS_DIR}/Alamofire/Alamofire.framework",
				"${BUILT_PRODUCTS_DIR}/AlamofireImage/AlamofireImage.framework",
			);
			name = "[CP] Embed Pods Frameworks";
			outputFileListPaths = (
			);
			outputPaths = (
				"${TARGET_BUILD_DIR}/${FRAMEWORKS_FOLDER_PATH}/Alamofire.framework",
				"${TARGET_BUILD_DIR}/${FRAMEWORKS_FOLDER_PATH}/AlamofireImage.framework",
			);
			runOnlyForDeploymentPostprocessing = 0;
			shellPath = /bin/sh;
			shellScript = "\"${PODS_ROOT}/Target Support Files/Pods-flixster/Pods-flixster-frameworks.sh\"\n";
			showEnvVarsInLog = 0;
		};
		C5132472A39D942392739023 /* [CP] Check Pods Manifest.lock */ = {
			isa = PBXShellScriptBuildPhase;
			buildActionMask = 2147483647;
			files = (
			);
			inputFileListPaths = (
			);
			inputPaths = (
				"${PODS_PODFILE_DIR_PATH}/Podfile.lock",
				"${PODS_ROOT}/Manifest.lock",
			);
			name = "[CP] Check Pods Manifest.lock";
			outputFileListPaths = (
			);
			outputPaths = (
				"$(DERIVED_FILE_DIR)/Pods-flixsterTests-checkManifestLockResult.txt",
			);
			runOnlyForDeploymentPostprocessing = 0;
			shellPath = /bin/sh;
			shellScript = "diff \"${PODS_PODFILE_DIR_PATH}/Podfile.lock\" \"${PODS_ROOT}/Manifest.lock\" > /dev/null\nif [ $? != 0 ] ; then\n    # print error to STDERR\n    echo \"error: The sandbox is not in sync with the Podfile.lock. Run 'pod install' or update your CocoaPods installation.\" >&2\n    exit 1\nfi\n# This output is used by Xcode 'outputs' to avoid re-running this script phase.\necho \"SUCCESS\" > \"${SCRIPT_OUTPUT_FILE_0}\"\n";
			showEnvVarsInLog = 0;
		};
/* End PBXShellScriptBuildPhase section */

/* Begin PBXSourcesBuildPhase section */
		3B392DEC2214F2B500F95CE2 /* Sources */ = {
			isa = PBXSourcesBuildPhase;
			buildActionMask = 2147483647;
			files = (
				3B955E9222274768001A1A11 /* MovieGridViewController.swift in Sources */,
				3B955E9022264235001A1A11 /* MovieDetailsViewController.swift in Sources */,
				3B392DF42214F2B500F95CE2 /* AppDelegate.swift in Sources */,
				3B5002C2221EFDF600CD9FBC /* MoviesViewController.swift in Sources */,
				3B955E942227538A001A1A11 /* MovieGridCell.swift in Sources */,
				3B5002C42221908000CD9FBC /* MovieCell.swift in Sources */,
			);
			runOnlyForDeploymentPostprocessing = 0;
		};
		3B392E002214F2BC00F95CE2 /* Sources */ = {
			isa = PBXSourcesBuildPhase;
			buildActionMask = 2147483647;
			files = (
				3B392E092214F2BC00F95CE2 /* flixsterTests.swift in Sources */,
			);
			runOnlyForDeploymentPostprocessing = 0;
		};
		3B392E0B2214F2BC00F95CE2 /* Sources */ = {
			isa = PBXSourcesBuildPhase;
			buildActionMask = 2147483647;
			files = (
				3B392E142214F2BC00F95CE2 /* flixsterUITests.swift in Sources */,
			);
			runOnlyForDeploymentPostprocessing = 0;
		};
/* End PBXSourcesBuildPhase section */

/* Begin PBXTargetDependency section */
		3B392E062214F2BC00F95CE2 /* PBXTargetDependency */ = {
			isa = PBXTargetDependency;
			target = 3B392DEF2214F2B500F95CE2 /* flixster */;
			targetProxy = 3B392E052214F2BC00F95CE2 /* PBXContainerItemProxy */;
		};
		3B392E112214F2BC00F95CE2 /* PBXTargetDependency */ = {
			isa = PBXTargetDependency;
			target = 3B392DEF2214F2B500F95CE2 /* flixster */;
			targetProxy = 3B392E102214F2BC00F95CE2 /* PBXContainerItemProxy */;
		};
/* End PBXTargetDependency section */

/* Begin PBXVariantGroup section */
		3B392DF72214F2B500F95CE2 /* Main.storyboard */ = {
			isa = PBXVariantGroup;
			children = (
				3B392DF82214F2B500F95CE2 /* Base */,
			);
			name = Main.storyboard;
			sourceTree = "<group>";
		};
		3B392DFC2214F2BB00F95CE2 /* LaunchScreen.storyboard */ = {
			isa = PBXVariantGroup;
			children = (
				3B392DFD2214F2BB00F95CE2 /* Base */,
			);
			name = LaunchScreen.storyboard;
			sourceTree = "<group>";
		};
/* End PBXVariantGroup section */

/* Begin XCBuildConfiguration section */
		3B392E162214F2BC00F95CE2 /* Debug */ = {
			isa = XCBuildConfiguration;
			buildSettings = {
				ALWAYS_SEARCH_USER_PATHS = NO;
				CLANG_ANALYZER_NONNULL = YES;
				CLANG_ANALYZER_NUMBER_OBJECT_CONVERSION = YES_AGGRESSIVE;
				CLANG_CXX_LANGUAGE_STANDARD = "gnu++14";
				CLANG_CXX_LIBRARY = "libc++";
				CLANG_ENABLE_MODULES = YES;
				CLANG_ENABLE_OBJC_ARC = YES;
				CLANG_ENABLE_OBJC_WEAK = YES;
				CLANG_WARN_BLOCK_CAPTURE_AUTORELEASING = YES;
				CLANG_WARN_BOOL_CONVERSION = YES;
				CLANG_WARN_COMMA = YES;
				CLANG_WARN_CONSTANT_CONVERSION = YES;
				CLANG_WARN_DEPRECATED_OBJC_IMPLEMENTATIONS = YES;
				CLANG_WARN_DIRECT_OBJC_ISA_USAGE = YES_ERROR;
				CLANG_WARN_DOCUMENTATION_COMMENTS = YES;
				CLANG_WARN_EMPTY_BODY = YES;
				CLANG_WARN_ENUM_CONVERSION = YES;
				CLANG_WARN_INFINITE_RECURSION = YES;
				CLANG_WARN_INT_CONVERSION = YES;
				CLANG_WARN_NON_LITERAL_NULL_CONVERSION = YES;
				CLANG_WARN_OBJC_IMPLICIT_RETAIN_SELF = YES;
				CLANG_WARN_OBJC_LITERAL_CONVERSION = YES;
				CLANG_WARN_OBJC_ROOT_CLASS = YES_ERROR;
				CLANG_WARN_RANGE_LOOP_ANALYSIS = YES;
				CLANG_WARN_STRICT_PROTOTYPES = YES;
				CLANG_WARN_SUSPICIOUS_MOVE = YES;
				CLANG_WARN_UNGUARDED_AVAILABILITY = YES_AGGRESSIVE;
				CLANG_WARN_UNREACHABLE_CODE = YES;
				CLANG_WARN__DUPLICATE_METHOD_MATCH = YES;
				CODE_SIGN_IDENTITY = "iPhone Developer";
				COPY_PHASE_STRIP = NO;
				DEBUG_INFORMATION_FORMAT = dwarf;
				ENABLE_STRICT_OBJC_MSGSEND = YES;
				ENABLE_TESTABILITY = YES;
				GCC_C_LANGUAGE_STANDARD = gnu11;
				GCC_DYNAMIC_NO_PIC = NO;
				GCC_NO_COMMON_BLOCKS = YES;
				GCC_OPTIMIZATION_LEVEL = 0;
				GCC_PREPROCESSOR_DEFINITIONS = (
					"DEBUG=1",
					"$(inherited)",
				);
				GCC_WARN_64_TO_32_BIT_CONVERSION = YES;
				GCC_WARN_ABOUT_RETURN_TYPE = YES_ERROR;
				GCC_WARN_UNDECLARED_SELECTOR = YES;
				GCC_WARN_UNINITIALIZED_AUTOS = YES_AGGRESSIVE;
				GCC_WARN_UNUSED_FUNCTION = YES;
				GCC_WARN_UNUSED_VARIABLE = YES;
				IPHONEOS_DEPLOYMENT_TARGET = 12.1;
				MTL_ENABLE_DEBUG_INFO = INCLUDE_SOURCE;
				MTL_FAST_MATH = YES;
				ONLY_ACTIVE_ARCH = YES;
				SDKROOT = iphoneos;
				SWIFT_ACTIVE_COMPILATION_CONDITIONS = DEBUG;
				SWIFT_OPTIMIZATION_LEVEL = "-Onone";
			};
			name = Debug;
		};
		3B392E172214F2BC00F95CE2 /* Release */ = {
			isa = XCBuildConfiguration;
			buildSettings = {
				ALWAYS_SEARCH_USER_PATHS = NO;
				CLANG_ANALYZER_NONNULL = YES;
				CLANG_ANALYZER_NUMBER_OBJECT_CONVERSION = YES_AGGRESSIVE;
				CLANG_CXX_LANGUAGE_STANDARD = "gnu++14";
				CLANG_CXX_LIBRARY = "libc++";
				CLANG_ENABLE_MODULES = YES;
				CLANG_ENABLE_OBJC_ARC = YES;
				CLANG_ENABLE_OBJC_WEAK = YES;
				CLANG_WARN_BLOCK_CAPTURE_AUTORELEASING = YES;
				CLANG_WARN_BOOL_CONVERSION = YES;
				CLANG_WARN_COMMA = YES;
				CLANG_WARN_CONSTANT_CONVERSION = YES;
				CLANG_WARN_DEPRECATED_OBJC_IMPLEMENTATIONS = YES;
				CLANG_WARN_DIRECT_OBJC_ISA_USAGE = YES_ERROR;
				CLANG_WARN_DOCUMENTATION_COMMENTS = YES;
				CLANG_WARN_EMPTY_BODY = YES;
				CLANG_WARN_ENUM_CONVERSION = YES;
				CLANG_WARN_INFINITE_RECURSION = YES;
				CLANG_WARN_INT_CONVERSION = YES;
				CLANG_WARN_NON_LITERAL_NULL_CONVERSION = YES;
				CLANG_WARN_OBJC_IMPLICIT_RETAIN_SELF = YES;
				CLANG_WARN_OBJC_LITERAL_CONVERSION = YES;
				CLANG_WARN_OBJC_ROOT_CLASS = YES_ERROR;
				CLANG_WARN_RANGE_LOOP_ANALYSIS = YES;
				CLANG_WARN_STRICT_PROTOTYPES = YES;
				CLANG_WARN_SUSPICIOUS_MOVE = YES;
				CLANG_WARN_UNGUARDED_AVAILABILITY = YES_AGGRESSIVE;
				CLANG_WARN_UNREACHABLE_CODE = YES;
				CLANG_WARN__DUPLICATE_METHOD_MATCH = YES;
				CODE_SIGN_IDENTITY = "iPhone Developer";
				COPY_PHASE_STRIP = NO;
				DEBUG_INFORMATION_FORMAT = "dwarf-with-dsym";
				ENABLE_NS_ASSERTIONS = NO;
				ENABLE_STRICT_OBJC_MSGSEND = YES;
				GCC_C_LANGUAGE_STANDARD = gnu11;
				GCC_NO_COMMON_BLOCKS = YES;
				GCC_WARN_64_TO_32_BIT_CONVERSION = YES;
				GCC_WARN_ABOUT_RETURN_TYPE = YES_ERROR;
				GCC_WARN_UNDECLARED_SELECTOR = YES;
				GCC_WARN_UNINITIALIZED_AUTOS = YES_AGGRESSIVE;
				GCC_WARN_UNUSED_FUNCTION = YES;
				GCC_WARN_UNUSED_VARIABLE = YES;
				IPHONEOS_DEPLOYMENT_TARGET = 12.1;
				MTL_ENABLE_DEBUG_INFO = NO;
				MTL_FAST_MATH = YES;
				SDKROOT = iphoneos;
				SWIFT_COMPILATION_MODE = wholemodule;
				SWIFT_OPTIMIZATION_LEVEL = "-O";
				VALIDATE_PRODUCT = YES;
			};
			name = Release;
		};
		3B392E192214F2BC00F95CE2 /* Debug */ = {
			isa = XCBuildConfiguration;
			baseConfigurationReference = 36A7467F9E037A04A550E601 /* Pods-flixster.debug.xcconfig */;
			buildSettings = {
				ASSETCATALOG_COMPILER_APPICON_NAME = AppIcon;
				CODE_SIGN_STYLE = Automatic;
				DEVELOPMENT_TEAM = PHYAC3XR68;
				INFOPLIST_FILE = flixster/Info.plist;
				LD_RUNPATH_SEARCH_PATHS = (
					"$(inherited)",
					"@executable_path/Frameworks",
				);
				PRODUCT_BUNDLE_IDENTIFIER = com.NingWei.flixster;
				PRODUCT_NAME = "$(TARGET_NAME)";
				SWIFT_VERSION = 4.2;
				TARGETED_DEVICE_FAMILY = "1,2";
			};
			name = Debug;
		};
		3B392E1A2214F2BC00F95CE2 /* Release */ = {
			isa = XCBuildConfiguration;
			baseConfigurationReference = 368F78AC9556FFB61CC0AA8C /* Pods-flixster.release.xcconfig */;
			buildSettings = {
				ASSETCATALOG_COMPILER_APPICON_NAME = AppIcon;
				CODE_SIGN_STYLE = Automatic;
				DEVELOPMENT_TEAM = PHYAC3XR68;
				INFOPLIST_FILE = flixster/Info.plist;
				LD_RUNPATH_SEARCH_PATHS = (
					"$(inherited)",
					"@executable_path/Frameworks",
				);
				PRODUCT_BUNDLE_IDENTIFIER = com.NingWei.flixster;
				PRODUCT_NAME = "$(TARGET_NAME)";
				SWIFT_VERSION = 4.2;
				TARGETED_DEVICE_FAMILY = "1,2";
			};
			name = Release;
		};
		3B392E1C2214F2BC00F95CE2 /* Debug */ = {
			isa = XCBuildConfiguration;
			baseConfigurationReference = 99EA3647031A570B57B04C49 /* Pods-flixsterTests.debug.xcconfig */;
			buildSettings = {
				ALWAYS_EMBED_SWIFT_STANDARD_LIBRARIES = YES;
				BUNDLE_LOADER = "$(TEST_HOST)";
				CODE_SIGN_STYLE = Automatic;
				DEVELOPMENT_TEAM = PHYAC3XR68;
				INFOPLIST_FILE = flixsterTests/Info.plist;
				LD_RUNPATH_SEARCH_PATHS = (
					"$(inherited)",
					"@executable_path/Frameworks",
					"@loader_path/Frameworks",
				);
				PRODUCT_BUNDLE_IDENTIFIER = com.NingWei.flixsterTests;
				PRODUCT_NAME = "$(TARGET_NAME)";
				SWIFT_VERSION = 4.2;
				TARGETED_DEVICE_FAMILY = "1,2";
				TEST_HOST = "$(BUILT_PRODUCTS_DIR)/flixster.app/flixster";
			};
			name = Debug;
		};
		3B392E1D2214F2BC00F95CE2 /* Release */ = {
			isa = XCBuildConfiguration;
			baseConfigurationReference = 6689C49CFD203938529803B4 /* Pods-flixsterTests.release.xcconfig */;
			buildSettings = {
				ALWAYS_EMBED_SWIFT_STANDARD_LIBRARIES = YES;
				BUNDLE_LOADER = "$(TEST_HOST)";
				CODE_SIGN_STYLE = Automatic;
				DEVELOPMENT_TEAM = PHYAC3XR68;
				INFOPLIST_FILE = flixsterTests/Info.plist;
				LD_RUNPATH_SEARCH_PATHS = (
					"$(inherited)",
					"@executable_path/Frameworks",
					"@loader_path/Frameworks",
				);
				PRODUCT_BUNDLE_IDENTIFIER = com.NingWei.flixsterTests;
				PRODUCT_NAME = "$(TARGET_NAME)";
				SWIFT_VERSION = 4.2;
				TARGETED_DEVICE_FAMILY = "1,2";
				TEST_HOST = "$(BUILT_PRODUCTS_DIR)/flixster.app/flixster";
			};
			name = Release;
		};
		3B392E1F2214F2BC00F95CE2 /* Debug */ = {
			isa = XCBuildConfiguration;
			baseConfigurationReference = 7786FDCADB45034DF573C8A7 /* Pods-flixsterUITests.debug.xcconfig */;
			buildSettings = {
				ALWAYS_EMBED_SWIFT_STANDARD_LIBRARIES = YES;
				CODE_SIGN_STYLE = Automatic;
				DEVELOPMENT_TEAM = PHYAC3XR68;
				INFOPLIST_FILE = flixsterUITests/Info.plist;
				LD_RUNPATH_SEARCH_PATHS = (
					"$(inherited)",
					"@executable_path/Frameworks",
					"@loader_path/Frameworks",
				);
				PRODUCT_BUNDLE_IDENTIFIER = com.NingWei.flixsterUITests;
				PRODUCT_NAME = "$(TARGET_NAME)";
				SWIFT_VERSION = 4.2;
				TARGETED_DEVICE_FAMILY = "1,2";
				TEST_TARGET_NAME = flixster;
			};
			name = Debug;
		};
		3B392E202214F2BC00F95CE2 /* Release */ = {
			isa = XCBuildConfiguration;
			baseConfigurationReference = D4C6676CA9ED501E4A14C16D /* Pods-flixsterUITests.release.xcconfig */;
			buildSettings = {
				ALWAYS_EMBED_SWIFT_STANDARD_LIBRARIES = YES;
				CODE_SIGN_STYLE = Automatic;
				DEVELOPMENT_TEAM = PHYAC3XR68;
				INFOPLIST_FILE = flixsterUITests/Info.plist;
				LD_RUNPATH_SEARCH_PATHS = (
					"$(inherited)",
					"@executable_path/Frameworks",
					"@loader_path/Frameworks",
				);
				PRODUCT_BUNDLE_IDENTIFIER = com.NingWei.flixsterUITests;
				PRODUCT_NAME = "$(TARGET_NAME)";
				SWIFT_VERSION = 4.2;
				TARGETED_DEVICE_FAMILY = "1,2";
				TEST_TARGET_NAME = flixster;
			};
			name = Release;
		};
/* End XCBuildConfiguration section */

/* Begin XCConfigurationList section */
		3B392DEB2214F2B500F95CE2 /* Build configuration list for PBXProject "flixster" */ = {
			isa = XCConfigurationList;
			buildConfigurations = (
				3B392E162214F2BC00F95CE2 /* Debug */,
				3B392E172214F2BC00F95CE2 /* Release */,
			);
			defaultConfigurationIsVisible = 0;
			defaultConfigurationName = Release;
		};
		3B392E182214F2BC00F95CE2 /* Build configuration list for PBXNativeTarget "flixster" */ = {
			isa = XCConfigurationList;
			buildConfigurations = (
				3B392E192214F2BC00F95CE2 /* Debug */,
				3B392E1A2214F2BC00F95CE2 /* Release */,
			);
			defaultConfigurationIsVisible = 0;
			defaultConfigurationName = Release;
		};
		3B392E1B2214F2BC00F95CE2 /* Build configuration list for PBXNativeTarget "flixsterTests" */ = {
			isa = XCConfigurationList;
			buildConfigurations = (
				3B392E1C2214F2BC00F95CE2 /* Debug */,
				3B392E1D2214F2BC00F95CE2 /* Release */,
			);
			defaultConfigurationIsVisible = 0;
			defaultConfigurationName = Release;
		};
		3B392E1E2214F2BC00F95CE2 /* Build configuration list for PBXNativeTarget "flixsterUITests" */ = {
			isa = XCConfigurationList;
			buildConfigurations = (
				3B392E1F2214F2BC00F95CE2 /* Debug */,
				3B392E202214F2BC00F95CE2 /* Release */,
			);
			defaultConfigurationIsVisible = 0;
			defaultConfigurationName = Release;
		};
/* End XCConfigurationList section */
	};
	rootObject = 3B392DE82214F2B500F95CE2 /* Project object */;
}
